
Microsoft Visual Studio Solution File, Format Version 12.00
# Visual Studio 2013
VisualStudioVersion = 12.0.21005.1
MinimumVisualStudioVersion = 10.0.40219.1
Project("{FAE04EC0-301F-11D3-BF4B-00C04F79EFBC}") = "Lec03.UI", "Lec03.UI\Lec03.UI.csproj", "{9FD08DFF-56A7-44B9-98C0-20B73453E3B6}"
EndProject
Project("{FAE04EC0-301F-11D3-BF4B-00C04F79EFBC}") = "Lec03.DAL", "Lec03.DAL\Lec03.DAL.csproj", "{D29B05A4-92A0-46CE-B808-9B4D21D16F30}"
EndProject
Project("{FAE04EC0-301F-11D3-BF4B-00C04F79EFBC}") = "Lec03.BLL", "Lec03.BLL\Lec03.BLL.csproj", "{B93D5278-95B0-4149-A339-CD3929F889D3}"
EndProject
Project("{FAE04EC0-301F-11D3-BF4B-00C04F79EFBC}") = "Lec03.DATA", "Lec03.DATA\Lec03.DATA.csproj", "{7DDC4428-5C31-4AF6-8F78-FBA31C28FB08}"
EndProject
Global
	GlobalSection(SolutionConfigurationPlatforms) = preSolution
		Debug|Any CPU = Debug|Any CPU
		Release|Any CPU = Release|Any CPU
	EndGlobalSection
	GlobalSection(ProjectConfigurationPlatforms) = postSolution
		{9FD08DFF-56A7-44B9-98C0-20B73453E3B6}.Debug|Any CPU.ActiveCfg = Debug|Any CPU
		{9FD08DFF-56A7-44B9-98C0-20B73453E3B6}.Debug|Any CPU.Build.0 = Debug|Any CPU
		{9FD08DFF-56A7-44B9-98C0-20B73453E3B6}.Release|Any CPU.ActiveCfg = Release|Any CPU
		{9FD08DFF-56A7-44B9-98C0-20B73453E3B6}.Release|Any CPU.Build.0 = Release|Any CPU
		{D29B05A4-92A0-46CE-B808-9B4D21D16F30}.Debug|Any CPU.ActiveCfg = Debug|Any CPU
		{D29B05A4-92A0-46CE-B808-9B4D21D16F30}.Debug|Any CPU.Build.0 = Debug|Any CPU
		{D29B05A4-92A0-46CE-B808-9B4D21D16F30}.Release|Any CPU.ActiveCfg = Release|Any CPU
		{D29B05A4-92A0-46CE-B808-9B4D21D16F30}.Release|Any CPU.Build.0 = Release|Any CPU
		{B93D5278-95B0-4149-A339-CD3929F889D3}.Debug|Any CPU.ActiveCfg = Debug|Any CPU
		{B93D5278-95B0-4149-A339-CD3929F889D3}.Debug|Any CPU.Build.0 = Debug|Any CPU
		{B93D5278-95B0-4149-A339-CD3929F889D3}.Release|Any CPU.ActiveCfg = Release|Any CPU
		{B93D5278-95B0-4149-A339-CD3929F889D3}.Release|Any CPU.Build.0 = Release|Any CPU
		{7DDC4428-5C31-4AF6-8F78-FBA31C28FB08}.Debug|Any CPU.ActiveCfg = Debug|Any CPU
		{7DDC4428-5C31-4AF6-8F78-FBA31C28FB08}.Debug|Any CPU.Build.0 = Debug|Any CPU
		{7DDC4428-5C31-4AF6-8F78-FBA31C28FB08}.Release|Any CPU.ActiveCfg = Release|Any CPU
		{7DDC4428-5C31-4AF6-8F78-FBA31C28FB08}.Release|Any CPU.Build.0 = Release|Any CPU
	EndGlobalSection
	GlobalSection(SolutionProperties) = preSolution
		HideSolutionNode = FALSE
	EndGlobalSection
EndGlobal
